// !$*UTF8*$!
{
	archiveVersion = 1;
	classes = {
	};
	objectVersion = 46;
	objects = {

/* Begin PBXBuildFile section */
		541C81829F97C88596F37F38 /* Pods_MovieTriviaTests.framework in Frameworks */ = {isa = PBXBuildFile; fileRef = A887F66E6EA16DE3D95DE748 /* Pods_MovieTriviaTests.framework */; };
		925DAA88E58EE0FC36666809 /* Pods_MovieTriviaUITests.framework in Frameworks */ = {isa = PBXBuildFile; fileRef = 209D0886FDE13ECF19A3EDB2 /* Pods_MovieTriviaUITests.framework */; };
		9F0EE0B21DDD8D8C002B1FB3 /* RadioButton.swift in Sources */ = {isa = PBXBuildFile; fileRef = 9F0EE0B11DDD8D8C002B1FB3 /* RadioButton.swift */; };
		9F0EE0B71DE2F7DC002B1FB3 /* CoreDataStackManager.swift in Sources */ = {isa = PBXBuildFile; fileRef = 9F0EE0B61DE2F7DC002B1FB3 /* CoreDataStackManager.swift */; };
		9F0EE0BB1DF15D2C002B1FB3 /* Player.swift in Sources */ = {isa = PBXBuildFile; fileRef = 9F0EE0BA1DF15D2C002B1FB3 /* Player.swift */; };
		9F0EE0BD1DF15DBE002B1FB3 /* Turn.swift in Sources */ = {isa = PBXBuildFile; fileRef = 9F0EE0BC1DF15DBE002B1FB3 /* Turn.swift */; };
		9F0EE0BF1DF1610A002B1FB3 /* Game.swift in Sources */ = {isa = PBXBuildFile; fileRef = 9F0EE0BE1DF1610A002B1FB3 /* Game.swift */; };
		9F1F88081DFFDF3D003492D7 /* ColorPickerViewController.swift in Sources */ = {isa = PBXBuildFile; fileRef = 9F1F88071DFFDF3D003492D7 /* ColorPickerViewController.swift */; };
		9F1F880A1DFFE337003492D7 /* ColorCell.swift in Sources */ = {isa = PBXBuildFile; fileRef = 9F1F88091DFFE337003492D7 /* ColorCell.swift */; };
		9F50EF7A1DD958A100D0F602 /* .gitignore in Resources */ = {isa = PBXBuildFile; fileRef = 9F50EF791DD958A100D0F602 /* .gitignore */; };
		9F70C53D1DD6F5BC00BFF7B7 /* MDBClient.swift in Sources */ = {isa = PBXBuildFile; fileRef = 9F70C53C1DD6F5BC00BFF7B7 /* MDBClient.swift */; };
		9F7B23051DD9B1510032F72A /* Actor.swift in Sources */ = {isa = PBXBuildFile; fileRef = 9F7B23041DD9B1510032F72A /* Actor.swift */; };
		9F99F8101DD9425A0050A40C /* Movie.swift in Sources */ = {isa = PBXBuildFile; fileRef = 9F99F80F1DD9425A0050A40C /* Movie.swift */; };
		9FA2E46D1E18598E0055E8B9 /* ScoreCell.swift in Sources */ = {isa = PBXBuildFile; fileRef = 9FA2E46C1E18598E0055E8B9 /* ScoreCell.swift */; };
		9FB049991DF6BD2100866868 /* CustomButton.swift in Sources */ = {isa = PBXBuildFile; fileRef = 9FB049981DF6BD2100866868 /* CustomButton.swift */; };
		9FB0499B1DF6BFD500866868 /* PlayerPickerViewController.swift in Sources */ = {isa = PBXBuildFile; fileRef = 9FB0499A1DF6BFD500866868 /* PlayerPickerViewController.swift */; };
		9FE947381DD6BFA40024DBFA /* AppDelegate.swift in Sources */ = {isa = PBXBuildFile; fileRef = 9FE947371DD6BFA40024DBFA /* AppDelegate.swift */; };
		9FE9473A1DD6BFA40024DBFA /* GameplayViewController.swift in Sources */ = {isa = PBXBuildFile; fileRef = 9FE947391DD6BFA40024DBFA /* GameplayViewController.swift */; };
		9FE9473D1DD6BFA40024DBFA /* Main.storyboard in Resources */ = {isa = PBXBuildFile; fileRef = 9FE9473B1DD6BFA40024DBFA /* Main.storyboard */; };
		9FE947401DD6BFA40024DBFA /* MovieTrivia.xcdatamodeld in Sources */ = {isa = PBXBuildFile; fileRef = 9FE9473E1DD6BFA40024DBFA /* MovieTrivia.xcdatamodeld */; };
		9FE947421DD6BFA40024DBFA /* Assets.xcassets in Resources */ = {isa = PBXBuildFile; fileRef = 9FE947411DD6BFA40024DBFA /* Assets.xcassets */; };
		9FE947451DD6BFA40024DBFA /* LaunchScreen.storyboard in Resources */ = {isa = PBXBuildFile; fileRef = 9FE947431DD6BFA40024DBFA /* LaunchScreen.storyboard */; };
		9FE947501DD6BFA40024DBFA /* MovieTriviaTests.swift in Sources */ = {isa = PBXBuildFile; fileRef = 9FE9474F1DD6BFA40024DBFA /* MovieTriviaTests.swift */; };
		9FE9475B1DD6BFA40024DBFA /* MovieTriviaUITests.swift in Sources */ = {isa = PBXBuildFile; fileRef = 9FE9475A1DD6BFA40024DBFA /* MovieTriviaUITests.swift */; };
		F1CBA41581A865842B9D1D24 /* Pods_MovieTrivia.framework in Frameworks */ = {isa = PBXBuildFile; fileRef = AAD57F12B9C224406616BBAB /* Pods_MovieTrivia.framework */; };
/* End PBXBuildFile section */

/* Begin PBXContainerItemProxy section */
		9FE9474C1DD6BFA40024DBFA /* PBXContainerItemProxy */ = {
			isa = PBXContainerItemProxy;
			containerPortal = 9FE9472C1DD6BFA40024DBFA /* Project object */;
			proxyType = 1;
			remoteGlobalIDString = 9FE947331DD6BFA40024DBFA;
			remoteInfo = MovieTrivia;
		};
		9FE947571DD6BFA40024DBFA /* PBXContainerItemProxy */ = {
			isa = PBXContainerItemProxy;
			containerPortal = 9FE9472C1DD6BFA40024DBFA /* Project object */;
			proxyType = 1;
			remoteGlobalIDString = 9FE947331DD6BFA40024DBFA;
			remoteInfo = MovieTrivia;
		};
/* End PBXContainerItemProxy section */

/* Begin PBXFileReference section */
		209D0886FDE13ECF19A3EDB2 /* Pods_MovieTriviaUITests.framework */ = {isa = PBXFileReference; explicitFileType = wrapper.framework; includeInIndex = 0; path = Pods_MovieTriviaUITests.framework; sourceTree = BUILT_PRODUCTS_DIR; };
		28BBE666AA05C99A36219AE1 /* Pods-MovieTriviaUITests.debug.xcconfig */ = {isa = PBXFileReference; includeInIndex = 1; lastKnownFileType = text.xcconfig; name = "Pods-MovieTriviaUITests.debug.xcconfig"; path = "Pods/Target Support Files/Pods-MovieTriviaUITests/Pods-MovieTriviaUITests.debug.xcconfig"; sourceTree = "<group>"; };
		3D52F3A2E92331E25EC51D67 /* Pods-MovieTriviaUITests.release.xcconfig */ = {isa = PBXFileReference; includeInIndex = 1; lastKnownFileType = text.xcconfig; name = "Pods-MovieTriviaUITests.release.xcconfig"; path = "Pods/Target Support Files/Pods-MovieTriviaUITests/Pods-MovieTriviaUITests.release.xcconfig"; sourceTree = "<group>"; };
		68642F2C905EE4F02A214798 /* Pods-MovieTrivia.debug.xcconfig */ = {isa = PBXFileReference; includeInIndex = 1; lastKnownFileType = text.xcconfig; name = "Pods-MovieTrivia.debug.xcconfig"; path = "Pods/Target Support Files/Pods-MovieTrivia/Pods-MovieTrivia.debug.xcconfig"; sourceTree = "<group>"; };
		9F0EE0B11DDD8D8C002B1FB3 /* RadioButton.swift */ = {isa = PBXFileReference; fileEncoding = 4; lastKnownFileType = sourcecode.swift; path = RadioButton.swift; sourceTree = "<group>"; };
		9F0EE0B61DE2F7DC002B1FB3 /* CoreDataStackManager.swift */ = {isa = PBXFileReference; fileEncoding = 4; lastKnownFileType = sourcecode.swift; path = CoreDataStackManager.swift; sourceTree = "<group>"; };
		9F0EE0BA1DF15D2C002B1FB3 /* Player.swift */ = {isa = PBXFileReference; fileEncoding = 4; lastKnownFileType = sourcecode.swift; path = Player.swift; sourceTree = "<group>"; };
		9F0EE0BC1DF15DBE002B1FB3 /* Turn.swift */ = {isa = PBXFileReference; fileEncoding = 4; lastKnownFileType = sourcecode.swift; path = Turn.swift; sourceTree = "<group>"; };
		9F0EE0BE1DF1610A002B1FB3 /* Game.swift */ = {isa = PBXFileReference; fileEncoding = 4; lastKnownFileType = sourcecode.swift; path = Game.swift; sourceTree = "<group>"; };
		9F1F88071DFFDF3D003492D7 /* ColorPickerViewController.swift */ = {isa = PBXFileReference; fileEncoding = 4; lastKnownFileType = sourcecode.swift; path = ColorPickerViewController.swift; sourceTree = "<group>"; };
		9F1F88091DFFE337003492D7 /* ColorCell.swift */ = {isa = PBXFileReference; fileEncoding = 4; lastKnownFileType = sourcecode.swift; path = ColorCell.swift; sourceTree = "<group>"; };
		9F50EF791DD958A100D0F602 /* .gitignore */ = {isa = PBXFileReference; fileEncoding = 4; lastKnownFileType = text; path = .gitignore; sourceTree = "<group>"; };
		9F70C53C1DD6F5BC00BFF7B7 /* MDBClient.swift */ = {isa = PBXFileReference; fileEncoding = 4; lastKnownFileType = sourcecode.swift; path = MDBClient.swift; sourceTree = "<group>"; };
		9F7B23041DD9B1510032F72A /* Actor.swift */ = {isa = PBXFileReference; fileEncoding = 4; lastKnownFileType = sourcecode.swift; path = Actor.swift; sourceTree = "<group>"; };
		9F99F80F1DD9425A0050A40C /* Movie.swift */ = {isa = PBXFileReference; fileEncoding = 4; lastKnownFileType = sourcecode.swift; path = Movie.swift; sourceTree = "<group>"; };
		9FA2E46C1E18598E0055E8B9 /* ScoreCell.swift */ = {isa = PBXFileReference; fileEncoding = 4; lastKnownFileType = sourcecode.swift; path = ScoreCell.swift; sourceTree = "<group>"; };
		9FB049981DF6BD2100866868 /* CustomButton.swift */ = {isa = PBXFileReference; fileEncoding = 4; lastKnownFileType = sourcecode.swift; path = CustomButton.swift; sourceTree = "<group>"; };
		9FB0499A1DF6BFD500866868 /* PlayerPickerViewController.swift */ = {isa = PBXFileReference; fileEncoding = 4; lastKnownFileType = sourcecode.swift; path = PlayerPickerViewController.swift; sourceTree = "<group>"; };
		9FE947341DD6BFA40024DBFA /* MovieTrivia.app */ = {isa = PBXFileReference; explicitFileType = wrapper.application; includeInIndex = 0; path = MovieTrivia.app; sourceTree = BUILT_PRODUCTS_DIR; };
		9FE947371DD6BFA40024DBFA /* AppDelegate.swift */ = {isa = PBXFileReference; lastKnownFileType = sourcecode.swift; path = AppDelegate.swift; sourceTree = "<group>"; };
		9FE947391DD6BFA40024DBFA /* GameplayViewController.swift */ = {isa = PBXFileReference; lastKnownFileType = sourcecode.swift; path = GameplayViewController.swift; sourceTree = "<group>"; };
		9FE9473C1DD6BFA40024DBFA /* Base */ = {isa = PBXFileReference; lastKnownFileType = file.storyboard; name = Base; path = Base.lproj/Main.storyboard; sourceTree = "<group>"; };
		9FE9473F1DD6BFA40024DBFA /* MovieTrivia.xcdatamodel */ = {isa = PBXFileReference; lastKnownFileType = wrapper.xcdatamodel; path = MovieTrivia.xcdatamodel; sourceTree = "<group>"; };
		9FE947411DD6BFA40024DBFA /* Assets.xcassets */ = {isa = PBXFileReference; lastKnownFileType = folder.assetcatalog; path = Assets.xcassets; sourceTree = "<group>"; };
		9FE947441DD6BFA40024DBFA /* Base */ = {isa = PBXFileReference; lastKnownFileType = file.storyboard; name = Base; path = Base.lproj/LaunchScreen.storyboard; sourceTree = "<group>"; };
		9FE947461DD6BFA40024DBFA /* Info.plist */ = {isa = PBXFileReference; lastKnownFileType = text.plist.xml; path = Info.plist; sourceTree = "<group>"; };
		9FE9474B1DD6BFA40024DBFA /* MovieTriviaTests.xctest */ = {isa = PBXFileReference; explicitFileType = wrapper.cfbundle; includeInIndex = 0; path = MovieTriviaTests.xctest; sourceTree = BUILT_PRODUCTS_DIR; };
		9FE9474F1DD6BFA40024DBFA /* MovieTriviaTests.swift */ = {isa = PBXFileReference; lastKnownFileType = sourcecode.swift; path = MovieTriviaTests.swift; sourceTree = "<group>"; };
		9FE947511DD6BFA40024DBFA /* Info.plist */ = {isa = PBXFileReference; lastKnownFileType = text.plist.xml; path = Info.plist; sourceTree = "<group>"; };
		9FE947561DD6BFA40024DBFA /* MovieTriviaUITests.xctest */ = {isa = PBXFileReference; explicitFileType = wrapper.cfbundle; includeInIndex = 0; path = MovieTriviaUITests.xctest; sourceTree = BUILT_PRODUCTS_DIR; };
		9FE9475A1DD6BFA40024DBFA /* MovieTriviaUITests.swift */ = {isa = PBXFileReference; lastKnownFileType = sourcecode.swift; path = MovieTriviaUITests.swift; sourceTree = "<group>"; };
		9FE9475C1DD6BFA40024DBFA /* Info.plist */ = {isa = PBXFileReference; lastKnownFileType = text.plist.xml; path = Info.plist; sourceTree = "<group>"; };
		A887F66E6EA16DE3D95DE748 /* Pods_MovieTriviaTests.framework */ = {isa = PBXFileReference; explicitFileType = wrapper.framework; includeInIndex = 0; path = Pods_MovieTriviaTests.framework; sourceTree = BUILT_PRODUCTS_DIR; };
		AAD57F12B9C224406616BBAB /* Pods_MovieTrivia.framework */ = {isa = PBXFileReference; explicitFileType = wrapper.framework; includeInIndex = 0; path = Pods_MovieTrivia.framework; sourceTree = BUILT_PRODUCTS_DIR; };
		B3A72E7DA0CC61EAF2406B9B /* Pods-MovieTriviaTests.release.xcconfig */ = {isa = PBXFileReference; includeInIndex = 1; lastKnownFileType = text.xcconfig; name = "Pods-MovieTriviaTests.release.xcconfig"; path = "Pods/Target Support Files/Pods-MovieTriviaTests/Pods-MovieTriviaTests.release.xcconfig"; sourceTree = "<group>"; };
		C566A63B3770EAD2BB65994D /* Pods-MovieTrivia.release.xcconfig */ = {isa = PBXFileReference; includeInIndex = 1; lastKnownFileType = text.xcconfig; name = "Pods-MovieTrivia.release.xcconfig"; path = "Pods/Target Support Files/Pods-MovieTrivia/Pods-MovieTrivia.release.xcconfig"; sourceTree = "<group>"; };
		D363C268A21471861579D1D0 /* Pods-MovieTriviaTests.debug.xcconfig */ = {isa = PBXFileReference; includeInIndex = 1; lastKnownFileType = text.xcconfig; name = "Pods-MovieTriviaTests.debug.xcconfig"; path = "Pods/Target Support Files/Pods-MovieTriviaTests/Pods-MovieTriviaTests.debug.xcconfig"; sourceTree = "<group>"; };
/* End PBXFileReference section */

/* Begin PBXFrameworksBuildPhase section */
		9FE947311DD6BFA40024DBFA /* Frameworks */ = {
			isa = PBXFrameworksBuildPhase;
			buildActionMask = 2147483647;
			files = (
				F1CBA41581A865842B9D1D24 /* Pods_MovieTrivia.framework in Frameworks */,
			);
			runOnlyForDeploymentPostprocessing = 0;
		};
		9FE947481DD6BFA40024DBFA /* Frameworks */ = {
			isa = PBXFrameworksBuildPhase;
			buildActionMask = 2147483647;
			files = (
				541C81829F97C88596F37F38 /* Pods_MovieTriviaTests.framework in Frameworks */,
			);
			runOnlyForDeploymentPostprocessing = 0;
		};
		9FE947531DD6BFA40024DBFA /* Frameworks */ = {
			isa = PBXFrameworksBuildPhase;
			buildActionMask = 2147483647;
			files = (
				925DAA88E58EE0FC36666809 /* Pods_MovieTriviaUITests.framework in Frameworks */,
			);
			runOnlyForDeploymentPostprocessing = 0;
		};
/* End PBXFrameworksBuildPhase section */

/* Begin PBXGroup section */
		4B2124CC37A6ED6A3BADDDA9 /* Frameworks */ = {
			isa = PBXGroup;
			children = (
				AAD57F12B9C224406616BBAB /* Pods_MovieTrivia.framework */,
				A887F66E6EA16DE3D95DE748 /* Pods_MovieTriviaTests.framework */,
				209D0886FDE13ECF19A3EDB2 /* Pods_MovieTriviaUITests.framework */,
			);
			name = Frameworks;
			sourceTree = "<group>";
		};
		9F0EE0B31DE2F007002B1FB3 /* Controller */ = {
			isa = PBXGroup;
			children = (
				9FB0499A1DF6BFD500866868 /* PlayerPickerViewController.swift */,
				9F1F88071DFFDF3D003492D7 /* ColorPickerViewController.swift */,
				9FE947391DD6BFA40024DBFA /* GameplayViewController.swift */,
			);
			name = Controller;
			sourceTree = "<group>";
		};
		9F0EE0B41DE2F00B002B1FB3 /* View */ = {
			isa = PBXGroup;
			children = (
				9F0EE0B11DDD8D8C002B1FB3 /* RadioButton.swift */,
				9FB049981DF6BD2100866868 /* CustomButton.swift */,
				9F1F88091DFFE337003492D7 /* ColorCell.swift */,
				9FA2E46C1E18598E0055E8B9 /* ScoreCell.swift */,
			);
			name = View;
			sourceTree = "<group>";
		};
		9F0EE0B51DE2F00F002B1FB3 /* Model */ = {
			isa = PBXGroup;
			children = (
				9FE947371DD6BFA40024DBFA /* AppDelegate.swift */,
				9F70C53C1DD6F5BC00BFF7B7 /* MDBClient.swift */,
				9F99F80F1DD9425A0050A40C /* Movie.swift */,
				9F7B23041DD9B1510032F72A /* Actor.swift */,
				9F0EE0BE1DF1610A002B1FB3 /* Game.swift */,
				9F0EE0BA1DF15D2C002B1FB3 /* Player.swift */,
				9F0EE0BC1DF15DBE002B1FB3 /* Turn.swift */,
				9F0EE0B61DE2F7DC002B1FB3 /* CoreDataStackManager.swift */,
				9FE9473E1DD6BFA40024DBFA /* MovieTrivia.xcdatamodeld */,
			);
			name = Model;
			sourceTree = "<group>";
		};
		9FE9472B1DD6BFA40024DBFA = {
			isa = PBXGroup;
			children = (
				9FE947361DD6BFA40024DBFA /* MovieTrivia */,
				9F50EF791DD958A100D0F602 /* .gitignore */,
				9FE9474E1DD6BFA40024DBFA /* MovieTriviaTests */,
				9FE947591DD6BFA40024DBFA /* MovieTriviaUITests */,
				9FE947351DD6BFA40024DBFA /* Products */,
				FA4FCE28DAAC7D3B52CD6D07 /* Pods */,
				4B2124CC37A6ED6A3BADDDA9 /* Frameworks */,
			);
			sourceTree = "<group>";
		};
		9FE947351DD6BFA40024DBFA /* Products */ = {
			isa = PBXGroup;
			children = (
				9FE947341DD6BFA40024DBFA /* MovieTrivia.app */,
				9FE9474B1DD6BFA40024DBFA /* MovieTriviaTests.xctest */,
				9FE947561DD6BFA40024DBFA /* MovieTriviaUITests.xctest */,
			);
			name = Products;
			sourceTree = "<group>";
		};
		9FE947361DD6BFA40024DBFA /* MovieTrivia */ = {
			isa = PBXGroup;
			children = (
				9F0EE0B51DE2F00F002B1FB3 /* Model */,
				9F0EE0B41DE2F00B002B1FB3 /* View */,
				9F0EE0B31DE2F007002B1FB3 /* Controller */,
				9FE9473B1DD6BFA40024DBFA /* Main.storyboard */,
				9FE947411DD6BFA40024DBFA /* Assets.xcassets */,
				9FE947431DD6BFA40024DBFA /* LaunchScreen.storyboard */,
				9FE947461DD6BFA40024DBFA /* Info.plist */,
			);
			path = MovieTrivia;
			sourceTree = "<group>";
		};
		9FE9474E1DD6BFA40024DBFA /* MovieTriviaTests */ = {
			isa = PBXGroup;
			children = (
				9FE9474F1DD6BFA40024DBFA /* MovieTriviaTests.swift */,
				9FE947511DD6BFA40024DBFA /* Info.plist */,
			);
			path = MovieTriviaTests;
			sourceTree = "<group>";
		};
		9FE947591DD6BFA40024DBFA /* MovieTriviaUITests */ = {
			isa = PBXGroup;
			children = (
				9FE9475A1DD6BFA40024DBFA /* MovieTriviaUITests.swift */,
				9FE9475C1DD6BFA40024DBFA /* Info.plist */,
			);
			path = MovieTriviaUITests;
			sourceTree = "<group>";
		};
		FA4FCE28DAAC7D3B52CD6D07 /* Pods */ = {
			isa = PBXGroup;
			children = (
				68642F2C905EE4F02A214798 /* Pods-MovieTrivia.debug.xcconfig */,
				C566A63B3770EAD2BB65994D /* Pods-MovieTrivia.release.xcconfig */,
				D363C268A21471861579D1D0 /* Pods-MovieTriviaTests.debug.xcconfig */,
				B3A72E7DA0CC61EAF2406B9B /* Pods-MovieTriviaTests.release.xcconfig */,
				28BBE666AA05C99A36219AE1 /* Pods-MovieTriviaUITests.debug.xcconfig */,
				3D52F3A2E92331E25EC51D67 /* Pods-MovieTriviaUITests.release.xcconfig */,
			);
			name = Pods;
			sourceTree = "<group>";
		};
/* End PBXGroup section */

/* Begin PBXNativeTarget section */
		9FE947331DD6BFA40024DBFA /* MovieTrivia */ = {
			isa = PBXNativeTarget;
			buildConfigurationList = 9FE9475F1DD6BFA40024DBFA /* Build configuration list for PBXNativeTarget "MovieTrivia" */;
			buildPhases = (
				AFFB390304475B4D7389ED9C /* [CP] Check Pods Manifest.lock */,
				9FE947301DD6BFA40024DBFA /* Sources */,
				9FE947311DD6BFA40024DBFA /* Frameworks */,
				9FE947321DD6BFA40024DBFA /* Resources */,
				AC2AA2EBC1B565AFA1F556FE /* [CP] Embed Pods Frameworks */,
				B49E5CCF2601685BAFD451D8 /* [CP] Copy Pods Resources */,
			);
			buildRules = (
			);
			dependencies = (
			);
			name = MovieTrivia;
			productName = MovieTrivia;
			productReference = 9FE947341DD6BFA40024DBFA /* MovieTrivia.app */;
			productType = "com.apple.product-type.application";
		};
		9FE9474A1DD6BFA40024DBFA /* MovieTriviaTests */ = {
			isa = PBXNativeTarget;
			buildConfigurationList = 9FE947621DD6BFA40024DBFA /* Build configuration list for PBXNativeTarget "MovieTriviaTests" */;
			buildPhases = (
				705DF8B787DABE175B5A22E8 /* [CP] Check Pods Manifest.lock */,
				9FE947471DD6BFA40024DBFA /* Sources */,
				9FE947481DD6BFA40024DBFA /* Frameworks */,
				9FE947491DD6BFA40024DBFA /* Resources */,
				640E7C59F7866E3EFCB87E5D /* [CP] Embed Pods Frameworks */,
				9B435D26917E011224358AF3 /* [CP] Copy Pods Resources */,
			);
			buildRules = (
			);
			dependencies = (
				9FE9474D1DD6BFA40024DBFA /* PBXTargetDependency */,
			);
			name = MovieTriviaTests;
			productName = MovieTriviaTests;
			productReference = 9FE9474B1DD6BFA40024DBFA /* MovieTriviaTests.xctest */;
			productType = "com.apple.product-type.bundle.unit-test";
		};
		9FE947551DD6BFA40024DBFA /* MovieTriviaUITests */ = {
			isa = PBXNativeTarget;
			buildConfigurationList = 9FE947651DD6BFA40024DBFA /* Build configuration list for PBXNativeTarget "MovieTriviaUITests" */;
			buildPhases = (
				A45CB386FD5289B8DFFB09B4 /* [CP] Check Pods Manifest.lock */,
				9FE947521DD6BFA40024DBFA /* Sources */,
				9FE947531DD6BFA40024DBFA /* Frameworks */,
				9FE947541DD6BFA40024DBFA /* Resources */,
				7F2C2F360BB1D65988ACAD57 /* [CP] Embed Pods Frameworks */,
				9A5F22AD0DC5F6DA41854F7F /* [CP] Copy Pods Resources */,
			);
			buildRules = (
			);
			dependencies = (
				9FE947581DD6BFA40024DBFA /* PBXTargetDependency */,
			);
			name = MovieTriviaUITests;
			productName = MovieTriviaUITests;
			productReference = 9FE947561DD6BFA40024DBFA /* MovieTriviaUITests.xctest */;
			productType = "com.apple.product-type.bundle.ui-testing";
		};
/* End PBXNativeTarget section */

/* Begin PBXProject section */
		9FE9472C1DD6BFA40024DBFA /* Project object */ = {
			isa = PBXProject;
			attributes = {
				LastSwiftUpdateCheck = 0810;
				LastUpgradeCheck = 0810;
				ORGANIZATIONNAME = "Theodore Rothrock";
				TargetAttributes = {
					9FE947331DD6BFA40024DBFA = {
						CreatedOnToolsVersion = 8.1;
						DevelopmentTeam = LK79F2T443;
						ProvisioningStyle = Automatic;
					};
					9FE9474A1DD6BFA40024DBFA = {
						CreatedOnToolsVersion = 8.1;
						ProvisioningStyle = Automatic;
						TestTargetID = 9FE947331DD6BFA40024DBFA;
					};
					9FE947551DD6BFA40024DBFA = {
						CreatedOnToolsVersion = 8.1;
						ProvisioningStyle = Automatic;
						TestTargetID = 9FE947331DD6BFA40024DBFA;
					};
				};
			};
			buildConfigurationList = 9FE9472F1DD6BFA40024DBFA /* Build configuration list for PBXProject "MovieTrivia" */;
			compatibilityVersion = "Xcode 3.2";
			developmentRegion = English;
			hasScannedForEncodings = 0;
			knownRegions = (
				en,
				Base,
			);
			mainGroup = 9FE9472B1DD6BFA40024DBFA;
			productRefGroup = 9FE947351DD6BFA40024DBFA /* Products */;
			projectDirPath = "";
			projectRoot = "";
			targets = (
				9FE947331DD6BFA40024DBFA /* MovieTrivia */,
				9FE9474A1DD6BFA40024DBFA /* MovieTriviaTests */,
				9FE947551DD6BFA40024DBFA /* MovieTriviaUITests */,
			);
		};
/* End PBXProject section */

/* Begin PBXResourcesBuildPhase section */
		9FE947321DD6BFA40024DBFA /* Resources */ = {
			isa = PBXResourcesBuildPhase;
			buildActionMask = 2147483647;
			files = (
				9F50EF7A1DD958A100D0F602 /* .gitignore in Resources */,
				9FE947451DD6BFA40024DBFA /* LaunchScreen.storyboard in Resources */,
				9FE947421DD6BFA40024DBFA /* Assets.xcassets in Resources */,
				9FE9473D1DD6BFA40024DBFA /* Main.storyboard in Resources */,
			);
			runOnlyForDeploymentPostprocessing = 0;
		};
		9FE947491DD6BFA40024DBFA /* Resources */ = {
			isa = PBXResourcesBuildPhase;
			buildActionMask = 2147483647;
			files = (
			);
			runOnlyForDeploymentPostprocessing = 0;
		};
		9FE947541DD6BFA40024DBFA /* Resources */ = {
			isa = PBXResourcesBuildPhase;
			buildActionMask = 2147483647;
			files = (
			);
			runOnlyForDeploymentPostprocessing = 0;
		};
/* End PBXResourcesBuildPhase section */

/* Begin PBXShellScriptBuildPhase section */
		640E7C59F7866E3EFCB87E5D /* [CP] Embed Pods Frameworks */ = {
			isa = PBXShellScriptBuildPhase;
			buildActionMask = 2147483647;
			files = (
			);
			inputPaths = (
			);
			name = "[CP] Embed Pods Frameworks";
			outputPaths = (
			);
			runOnlyForDeploymentPostprocessing = 0;
			shellPath = /bin/sh;
			shellScript = "\"${SRCROOT}/Pods/Target Support Files/Pods-MovieTriviaTests/Pods-MovieTriviaTests-frameworks.sh\"\n";
			showEnvVarsInLog = 0;
		};
		705DF8B787DABE175B5A22E8 /* [CP] Check Pods Manifest.lock */ = {
			isa = PBXShellScriptBuildPhase;
			buildActionMask = 2147483647;
			files = (
			);
			inputPaths = (
			);
			name = "[CP] Check Pods Manifest.lock";
			outputPaths = (
			);
			runOnlyForDeploymentPostprocessing = 0;
			shellPath = /bin/sh;
			shellScript = "diff \"${PODS_ROOT}/../Podfile.lock\" \"${PODS_ROOT}/Manifest.lock\" > /dev/null\nif [ $? != 0 ] ; then\n    # print error to STDERR\n    echo \"error: The sandbox is not in sync with the Podfile.lock. Run 'pod install' or update your CocoaPods installation.\" >&2\n    exit 1\nfi\n";
			showEnvVarsInLog = 0;
		};
		7F2C2F360BB1D65988ACAD57 /* [CP] Embed Pods Frameworks */ = {
			isa = PBXShellScriptBuildPhase;
			buildActionMask = 2147483647;
			files = (
			);
			inputPaths = (
			);
			name = "[CP] Embed Pods Frameworks";
			outputPaths = (
			);
			runOnlyForDeploymentPostprocessing = 0;
			shellPath = /bin/sh;
			shellScript = "\"${SRCROOT}/Pods/Target Support Files/Pods-MovieTriviaUITests/Pods-MovieTriviaUITests-frameworks.sh\"\n";
			showEnvVarsInLog = 0;
		};
		9A5F22AD0DC5F6DA41854F7F /* [CP] Copy Pods Resources */ = {
			isa = PBXShellScriptBuildPhase;
			buildActionMask = 2147483647;
			files = (
			);
			inputPaths = (
			);
			name = "[CP] Copy Pods Resources";
			outputPaths = (
			);
			runOnlyForDeploymentPostprocessing = 0;
			shellPath = /bin/sh;
			shellScript = "\"${SRCROOT}/Pods/Target Support Files/Pods-MovieTriviaUITests/Pods-MovieTriviaUITests-resources.sh\"\n";
			showEnvVarsInLog = 0;
		};
		9B435D26917E011224358AF3 /* [CP] Copy Pods Resources */ = {
			isa = PBXShellScriptBuildPhase;
			buildActionMask = 2147483647;
			files = (
			);
			inputPaths = (
			);
			name = "[CP] Copy Pods Resources";
			outputPaths = (
			);
			runOnlyForDeploymentPostprocessing = 0;
			shellPath = /bin/sh;
			shellScript = "\"${SRCROOT}/Pods/Target Support Files/Pods-MovieTriviaTests/Pods-MovieTriviaTests-resources.sh\"\n";
			showEnvVarsInLog = 0;
		};
		A45CB386FD5289B8DFFB09B4 /* [CP] Check Pods Manifest.lock */ = {
			isa = PBXShellScriptBuildPhase;
			buildActionMask = 2147483647;
			files = (
			);
			inputPaths = (
			);
			name = "[CP] Check Pods Manifest.lock";
			outputPaths = (
			);
			runOnlyForDeploymentPostprocessing = 0;
			shellPath = /bin/sh;
			shellScript = "diff \"${PODS_ROOT}/../Podfile.lock\" \"${PODS_ROOT}/Manifest.lock\" > /dev/null\nif [ $? != 0 ] ; then\n    # print error to STDERR\n    echo \"error: The sandbox is not in sync with the Podfile.lock. Run 'pod install' or update your CocoaPods installation.\" >&2\n    exit 1\nfi\n";
			showEnvVarsInLog = 0;
		};
		AC2AA2EBC1B565AFA1F556FE /* [CP] Embed Pods Frameworks */ = {
			isa = PBXShellScriptBuildPhase;
			buildActionMask = 2147483647;
			files = (
			);
			inputPaths = (
			);
			name = "[CP] Embed Pods Frameworks";
			outputPaths = (
			);
			runOnlyForDeploymentPostprocessing = 0;
			shellPath = /bin/sh;
			shellScript = "\"${SRCROOT}/Pods/Target Support Files/Pods-MovieTrivia/Pods-MovieTrivia-frameworks.sh\"\n";
			showEnvVarsInLog = 0;
		};
		AFFB390304475B4D7389ED9C /* [CP] Check Pods Manifest.lock */ = {
			isa = PBXShellScriptBuildPhase;
			buildActionMask = 2147483647;
			files = (
			);
			inputPaths = (
			);
			name = "[CP] Check Pods Manifest.lock";
			outputPaths = (
			);
			runOnlyForDeploymentPostprocessing = 0;
			shellPath = /bin/sh;
			shellScript = "diff \"${PODS_ROOT}/../Podfile.lock\" \"${PODS_ROOT}/Manifest.lock\" > /dev/null\nif [ $? != 0 ] ; then\n    # print error to STDERR\n    echo \"error: The sandbox is not in sync with the Podfile.lock. Run 'pod install' or update your CocoaPods installation.\" >&2\n    exit 1\nfi\n";
			showEnvVarsInLog = 0;
		};
		B49E5CCF2601685BAFD451D8 /* [CP] Copy Pods Resources */ = {
			isa = PBXShellScriptBuildPhase;
			buildActionMask = 2147483647;
			files = (
			);
			inputPaths = (
			);
			name = "[CP] Copy Pods Resources";
			outputPaths = (
			);
			runOnlyForDeploymentPostprocessing = 0;
			shellPath = /bin/sh;
			shellScript = "\"${SRCROOT}/Pods/Target Support Files/Pods-MovieTrivia/Pods-MovieTrivia-resources.sh\"\n";
			showEnvVarsInLog = 0;
		};
/* End PBXShellScriptBuildPhase section */

/* Begin PBXSourcesBuildPhase section */
		9FE947301DD6BFA40024DBFA /* Sources */ = {
			isa = PBXSourcesBuildPhase;
			buildActionMask = 2147483647;
			files = (
				9F0EE0BD1DF15DBE002B1FB3 /* Turn.swift in Sources */,
				9FB0499B1DF6BFD500866868 /* PlayerPickerViewController.swift in Sources */,
				9F7B23051DD9B1510032F72A /* Actor.swift in Sources */,
				9F0EE0B71DE2F7DC002B1FB3 /* CoreDataStackManager.swift in Sources */,
				9F0EE0B21DDD8D8C002B1FB3 /* RadioButton.swift in Sources */,
				9F70C53D1DD6F5BC00BFF7B7 /* MDBClient.swift in Sources */,
				9FA2E46D1E18598E0055E8B9 /* ScoreCell.swift in Sources */,
				9FE947401DD6BFA40024DBFA /* MovieTrivia.xcdatamodeld in Sources */,
				9F0EE0BF1DF1610A002B1FB3 /* Game.swift in Sources */,
				9F1F880A1DFFE337003492D7 /* ColorCell.swift in Sources */,
				9FE9473A1DD6BFA40024DBFA /* GameplayViewController.swift in Sources */,
				9FB049991DF6BD2100866868 /* CustomButton.swift in Sources */,
				9F1F88081DFFDF3D003492D7 /* ColorPickerViewController.swift in Sources */,
				9FE947381DD6BFA40024DBFA /* AppDelegate.swift in Sources */,
				9F0EE0BB1DF15D2C002B1FB3 /* Player.swift in Sources */,
				9F99F8101DD9425A0050A40C /* Movie.swift in Sources */,
			);
			runOnlyForDeploymentPostprocessing = 0;
		};
		9FE947471DD6BFA40024DBFA /* Sources */ = {
			isa = PBXSourcesBuildPhase;
			buildActionMask = 2147483647;
			files = (
				9FE947501DD6BFA40024DBFA /* MovieTriviaTests.swift in Sources */,
			);
			runOnlyForDeploymentPostprocessing = 0;
		};
		9FE947521DD6BFA40024DBFA /* Sources */ = {
			isa = PBXSourcesBuildPhase;
			buildActionMask = 2147483647;
			files = (
				9FE9475B1DD6BFA40024DBFA /* MovieTriviaUITests.swift in Sources */,
			);
			runOnlyForDeploymentPostprocessing = 0;
		};
/* End PBXSourcesBuildPhase section */

/* Begin PBXTargetDependency section */
		9FE9474D1DD6BFA40024DBFA /* PBXTargetDependency */ = {
			isa = PBXTargetDependency;
			target = 9FE947331DD6BFA40024DBFA /* MovieTrivia */;
			targetProxy = 9FE9474C1DD6BFA40024DBFA /* PBXContainerItemProxy */;
		};
		9FE947581DD6BFA40024DBFA /* PBXTargetDependency */ = {
			isa = PBXTargetDependency;
			target = 9FE947331DD6BFA40024DBFA /* MovieTrivia */;
			targetProxy = 9FE947571DD6BFA40024DBFA /* PBXContainerItemProxy */;
		};
/* End PBXTargetDependency section */

/* Begin PBXVariantGroup section */
		9FE9473B1DD6BFA40024DBFA /* Main.storyboard */ = {
			isa = PBXVariantGroup;
			children = (
				9FE9473C1DD6BFA40024DBFA /* Base */,
			);
			name = Main.storyboard;
			sourceTree = "<group>";
		};
		9FE947431DD6BFA40024DBFA /* LaunchScreen.storyboard */ = {
			isa = PBXVariantGroup;
			children = (
				9FE947441DD6BFA40024DBFA /* Base */,
			);
			name = LaunchScreen.storyboard;
			sourceTree = "<group>";
		};
/* End PBXVariantGroup section */

/* Begin XCBuildConfiguration section */
		9FE9475D1DD6BFA40024DBFA /* Debug */ = {
			isa = XCBuildConfiguration;
			buildSettings = {
				ALWAYS_SEARCH_USER_PATHS = NO;
				CLANG_ANALYZER_NONNULL = YES;
				CLANG_CXX_LANGUAGE_STANDARD = "gnu++0x";
				CLANG_CXX_LIBRARY = "libc++";
				CLANG_ENABLE_MODULES = YES;
				CLANG_ENABLE_OBJC_ARC = YES;
				CLANG_WARN_BOOL_CONVERSION = YES;
				CLANG_WARN_CONSTANT_CONVERSION = YES;
				CLANG_WARN_DIRECT_OBJC_ISA_USAGE = YES_ERROR;
				CLANG_WARN_DOCUMENTATION_COMMENTS = YES;
				CLANG_WARN_EMPTY_BODY = YES;
				CLANG_WARN_ENUM_CONVERSION = YES;
				CLANG_WARN_INFINITE_RECURSION = YES;
				CLANG_WARN_INT_CONVERSION = YES;
				CLANG_WARN_OBJC_ROOT_CLASS = YES_ERROR;
				CLANG_WARN_SUSPICIOUS_MOVES = YES;
				CLANG_WARN_UNREACHABLE_CODE = YES;
				CLANG_WARN__DUPLICATE_METHOD_MATCH = YES;
				"CODE_SIGN_IDENTITY[sdk=iphoneos*]" = "iPhone Developer";
				COPY_PHASE_STRIP = NO;
				DEBUG_INFORMATION_FORMAT = dwarf;
				ENABLE_STRICT_OBJC_MSGSEND = YES;
				ENABLE_TESTABILITY = YES;
				GCC_C_LANGUAGE_STANDARD = gnu99;
				GCC_DYNAMIC_NO_PIC = NO;
				GCC_NO_COMMON_BLOCKS = YES;
				GCC_OPTIMIZATION_LEVEL = 0;
				GCC_PREPROCESSOR_DEFINITIONS = (
					"DEBUG=1",
					"$(inherited)",
				);
				GCC_WARN_64_TO_32_BIT_CONVERSION = YES;
				GCC_WARN_ABOUT_RETURN_TYPE = YES_ERROR;
				GCC_WARN_UNDECLARED_SELECTOR = YES;
				GCC_WARN_UNINITIALIZED_AUTOS = YES_AGGRESSIVE;
				GCC_WARN_UNUSED_FUNCTION = YES;
				GCC_WARN_UNUSED_VARIABLE = YES;
				IPHONEOS_DEPLOYMENT_TARGET = 10.1;
				MTL_ENABLE_DEBUG_INFO = YES;
				ONLY_ACTIVE_ARCH = YES;
				SDKROOT = iphoneos;
				SWIFT_ACTIVE_COMPILATION_CONDITIONS = DEBUG;
				SWIFT_OPTIMIZATION_LEVEL = "-Onone";
			};
			name = Debug;
		};
		9FE9475E1DD6BFA40024DBFA /* Release */ = {
			isa = XCBuildConfiguration;
			buildSettings = {
				ALWAYS_SEARCH_USER_PATHS = NO;
				CLANG_ANALYZER_NONNULL = YES;
				CLANG_CXX_LANGUAGE_STANDARD = "gnu++0x";
				CLANG_CXX_LIBRARY = "libc++";
				CLANG_ENABLE_MODULES = YES;
				CLANG_ENABLE_OBJC_ARC = YES;
				CLANG_WARN_BOOL_CONVERSION = YES;
				CLANG_WARN_CONSTANT_CONVERSION = YES;
				CLANG_WARN_DIRECT_OBJC_ISA_USAGE = YES_ERROR;
				CLANG_WARN_DOCUMENTATION_COMMENTS = YES;
				CLANG_WARN_EMPTY_BODY = YES;
				CLANG_WARN_ENUM_CONVERSION = YES;
				CLANG_WARN_INFINITE_RECURSION = YES;
				CLANG_WARN_INT_CONVERSION = YES;
				CLANG_WARN_OBJC_ROOT_CLASS = YES_ERROR;
				CLANG_WARN_SUSPICIOUS_MOVES = YES;
				CLANG_WARN_UNREACHABLE_CODE = YES;
				CLANG_WARN__DUPLICATE_METHOD_MATCH = YES;
				"CODE_SIGN_IDENTITY[sdk=iphoneos*]" = "iPhone Developer";
				COPY_PHASE_STRIP = NO;
				DEBUG_INFORMATION_FORMAT = "dwarf-with-dsym";
				ENABLE_NS_ASSERTIONS = NO;
				ENABLE_STRICT_OBJC_MSGSEND = YES;
				GCC_C_LANGUAGE_STANDARD = gnu99;
				GCC_NO_COMMON_BLOCKS = YES;
				GCC_WARN_64_TO_32_BIT_CONVERSION = YES;
				GCC_WARN_ABOUT_RETURN_TYPE = YES_ERROR;
				GCC_WARN_UNDECLARED_SELECTOR = YES;
				GCC_WARN_UNINITIALIZED_AUTOS = YES_AGGRESSIVE;
				GCC_WARN_UNUSED_FUNCTION = YES;
				GCC_WARN_UNUSED_VARIABLE = YES;
				IPHONEOS_DEPLOYMENT_TARGET = 10.1;
				MTL_ENABLE_DEBUG_INFO = NO;
				SDKROOT = iphoneos;
				SWIFT_OPTIMIZATION_LEVEL = "-Owholemodule";
				VALIDATE_PRODUCT = YES;
			};
			name = Release;
		};
		9FE947601DD6BFA40024DBFA /* Debug */ = {
			isa = XCBuildConfiguration;
			baseConfigurationReference = 68642F2C905EE4F02A214798 /* Pods-MovieTrivia.debug.xcconfig */;
			buildSettings = {
				ASSETCATALOG_COMPILER_APPICON_NAME = AppIcon;
				DEVELOPMENT_TEAM = LK79F2T443;
				INFOPLIST_FILE = MovieTrivia/Info.plist;
				LD_RUNPATH_SEARCH_PATHS = "$(inherited) @executable_path/Frameworks";
				PRODUCT_BUNDLE_IDENTIFIER = com.TheodoreRothrock.MovieTrivia;
				PRODUCT_NAME = "$(TARGET_NAME)";
				SWIFT_VERSION = 3.0;
				TARGETED_DEVICE_FAMILY = 1;
			};
			name = Debug;
		};
		9FE947611DD6BFA40024DBFA /* Release */ = {
			isa = XCBuildConfiguration;
			baseConfigurationReference = C566A63B3770EAD2BB65994D /* Pods-MovieTrivia.release.xcconfig */;
			buildSettings = {
				ASSETCATALOG_COMPILER_APPICON_NAME = AppIcon;
				DEVELOPMENT_TEAM = LK79F2T443;
				INFOPLIST_FILE = MovieTrivia/Info.plist;
				LD_RUNPATH_SEARCH_PATHS = "$(inherited) @executable_path/Frameworks";
				PRODUCT_BUNDLE_IDENTIFIER = com.TheodoreRothrock.MovieTrivia;
				PRODUCT_NAME = "$(TARGET_NAME)";
				SWIFT_VERSION = 3.0;
				TARGETED_DEVICE_FAMILY = 1;
			};
			name = Release;
		};
		9FE947631DD6BFA40024DBFA /* Debug */ = {
			isa = XCBuildConfiguration;
			baseConfigurationReference = D363C268A21471861579D1D0 /* Pods-MovieTriviaTests.debug.xcconfig */;
			buildSettings = {
				ALWAYS_EMBED_SWIFT_STANDARD_LIBRARIES = YES;
				BUNDLE_LOADER = "$(TEST_HOST)";
				INFOPLIST_FILE = MovieTriviaTests/Info.plist;
				LD_RUNPATH_SEARCH_PATHS = "$(inherited) @executable_path/Frameworks @loader_path/Frameworks";
				PRODUCT_BUNDLE_IDENTIFIER = com.TheodoreRothrock.MovieTriviaTests;
				PRODUCT_NAME = "$(TARGET_NAME)";
				SWIFT_VERSION = 3.0;
				TEST_HOST = "$(BUILT_PRODUCTS_DIR)/MovieTrivia.app/MovieTrivia";
			};
			name = Debug;
		};
		9FE947641DD6BFA40024DBFA /* Release */ = {
			isa = XCBuildConfiguration;
			baseConfigurationReference = B3A72E7DA0CC61EAF2406B9B /* Pods-MovieTriviaTests.release.xcconfig */;
			buildSettings = {
				ALWAYS_EMBED_SWIFT_STANDARD_LIBRARIES = YES;
				BUNDLE_LOADER = "$(TEST_HOST)";
				INFOPLIST_FILE = MovieTriviaTests/Info.plist;
				LD_RUNPATH_SEARCH_PATHS = "$(inherited) @executable_path/Frameworks @loader_path/Frameworks";
				PRODUCT_BUNDLE_IDENTIFIER = com.TheodoreRothrock.MovieTriviaTests;
				PRODUCT_NAME = "$(TARGET_NAME)";
				SWIFT_VERSION = 3.0;
				TEST_HOST = "$(BUILT_PRODUCTS_DIR)/MovieTrivia.app/MovieTrivia";
			};
			name = Release;
		};
		9FE947661DD6BFA40024DBFA /* Debug */ = {
			isa = XCBuildConfiguration;
			baseConfigurationReference = 28BBE666AA05C99A36219AE1 /* Pods-MovieTriviaUITests.debug.xcconfig */;
			buildSettings = {
				ALWAYS_EMBED_SWIFT_STANDARD_LIBRARIES = YES;
				INFOPLIST_FILE = MovieTriviaUITests/Info.plist;
				LD_RUNPATH_SEARCH_PATHS = "$(inherited) @executable_path/Frameworks @loader_path/Frameworks";
				PRODUCT_BUNDLE_IDENTIFIER = com.TheodoreRothrock.MovieTriviaUITests;
				PRODUCT_NAME = "$(TARGET_NAME)";
				SWIFT_VERSION = 3.0;
				TEST_TARGET_NAME = MovieTrivia;
			};
			name = Debug;
		};
		9FE947671DD6BFA40024DBFA /* Release */ = {
			isa = XCBuildConfiguration;
			baseConfigurationReference = 3D52F3A2E92331E25EC51D67 /* Pods-MovieTriviaUITests.release.xcconfig */;
			buildSettings = {
				ALWAYS_EMBED_SWIFT_STANDARD_LIBRARIES = YES;
				INFOPLIST_FILE = MovieTriviaUITests/Info.plist;
				LD_RUNPATH_SEARCH_PATHS = "$(inherited) @executable_path/Frameworks @loader_path/Frameworks";
				PRODUCT_BUNDLE_IDENTIFIER = com.TheodoreRothrock.MovieTriviaUITests;
				PRODUCT_NAME = "$(TARGET_NAME)";
				SWIFT_VERSION = 3.0;
				TEST_TARGET_NAME = MovieTrivia;
			};
			name = Release;
		};
/* End XCBuildConfiguration section */

/* Begin XCConfigurationList section */
		9FE9472F1DD6BFA40024DBFA /* Build configuration list for PBXProject "MovieTrivia" */ = {
			isa = XCConfigurationList;
			buildConfigurations = (
				9FE9475D1DD6BFA40024DBFA /* Debug */,
				9FE9475E1DD6BFA40024DBFA /* Release */,
			);
			defaultConfigurationIsVisible = 0;
			defaultConfigurationName = Release;
		};
		9FE9475F1DD6BFA40024DBFA /* Build configuration list for PBXNativeTarget "MovieTrivia" */ = {
			isa = XCConfigurationList;
			buildConfigurations = (
				9FE947601DD6BFA40024DBFA /* Debug */,
				9FE947611DD6BFA40024DBFA /* Release */,
			);
			defaultConfigurationIsVisible = 0;
			defaultConfigurationName = Release;
		};
		9FE947621DD6BFA40024DBFA /* Build configuration list for PBXNativeTarget "MovieTriviaTests" */ = {
			isa = XCConfigurationList;
			buildConfigurations = (
				9FE947631DD6BFA40024DBFA /* Debug */,
				9FE947641DD6BFA40024DBFA /* Release */,
			);
			defaultConfigurationIsVisible = 0;
			defaultConfigurationName = Release;
		};
		9FE947651DD6BFA40024DBFA /* Build configuration list for PBXNativeTarget "MovieTriviaUITests" */ = {
			isa = XCConfigurationList;
			buildConfigurations = (
				9FE947661DD6BFA40024DBFA /* Debug */,
				9FE947671DD6BFA40024DBFA /* Release */,
			);
			defaultConfigurationIsVisible = 0;
			defaultConfigurationName = Release;
		};
/* End XCConfigurationList section */

/* Begin XCVersionGroup section */
		9FE9473E1DD6BFA40024DBFA /* MovieTrivia.xcdatamodeld */ = {
			isa = XCVersionGroup;
			children = (
				9FE9473F1DD6BFA40024DBFA /* MovieTrivia.xcdatamodel */,
			);
			currentVersion = 9FE9473F1DD6BFA40024DBFA /* MovieTrivia.xcdatamodel */;
			path = MovieTrivia.xcdatamodeld;
			sourceTree = "<group>";
			versionGroupType = wrapper.xcdatamodel;
		};
/* End XCVersionGroup section */
	};
	rootObject = 9FE9472C1DD6BFA40024DBFA /* Project object */;
}
